
Microsoft Visual Studio Solution File, Format Version 12.00
# Visual Studio 15
VisualStudioVersion = 15.0.27428.2037
MinimumVisualStudioVersion = 10.0.40219.1
Project("{FAE04EC0-301F-11D3-BF4B-00C04F79EFBC}") = "ADO.NET_DZ_J", "ADO.NET_DZ_J\ADO.NET_DZ_J.csproj", "{E83D14A8-BDE3-461C-ABD6-E57EEA644A72}"
EndProject
Global
	GlobalSection(SolutionConfigurationPlatforms) = preSolution
		Debug|Any CPU = Debug|Any CPU
		Release|Any CPU = Release|Any CPU
	EndGlobalSection
	GlobalSection(ProjectConfigurationPlatforms) = postSolution
		{E83D14A8-BDE3-461C-ABD6-E57EEA644A72}.Debug|Any CPU.ActiveCfg = Debug|Any CPU
		{E83D14A8-BDE3-461C-ABD6-E57EEA644A72}.Debug|Any CPU.Build.0 = Debug|Any CPU
		{E83D14A8-BDE3-461C-ABD6-E57EEA644A72}.Release|Any CPU.ActiveCfg = Release|Any CPU
		{E83D14A8-BDE3-461C-ABD6-E57EEA644A72}.Release|Any CPU.Build.0 = Release|Any CPU
	EndGlobalSection
	GlobalSection(SolutionProperties) = preSolution
		HideSolutionNode = FALSE
	EndGlobalSection
	GlobalSection(ExtensibilityGlobals) = postSolution
		SolutionGuid = {790CFDAC-8A16-47FC-A920-30ACBE48BEBF}
	EndGlobalSection
EndGlobal
